
Microsoft Visual Studio Solution File, Format Version 12.00
# Visual Studio Version 17
VisualStudioVersion = 17.2.32519.379
MinimumVisualStudioVersion = 10.0.40219.1
Project("{FAE04EC0-301F-11D3-BF4B-00C04F79EFBC}") = "2.3", "2.3\2.3.csproj", "{499A520A-98D7-4E15-B141-1F4DB34769C3}"
EndProject
Global
	GlobalSection(SolutionConfigurationPlatforms) = preSolution
		Debug|Any CPU = Debug|Any CPU
		Release|Any CPU = Release|Any CPU
	EndGlobalSection
	GlobalSection(ProjectConfigurationPlatforms) = postSolution
		{499A520A-98D7-4E15-B141-1F4DB34769C3}.Debug|Any CPU.ActiveCfg = Debug|Any CPU
		{499A520A-98D7-4E15-B141-1F4DB34769C3}.Debug|Any CPU.Build.0 = Debug|Any CPU
		{499A520A-98D7-4E15-B141-1F4DB34769C3}.Release|Any CPU.ActiveCfg = Release|Any CPU
		{499A520A-98D7-4E15-B141-1F4DB34769C3}.Release|Any CPU.Build.0 = Release|Any CPU
	EndGlobalSection
	GlobalSection(SolutionProperties) = preSolution
		HideSolutionNode = FALSE
	EndGlobalSection
	GlobalSection(ExtensibilityGlobals) = postSolution
		SolutionGuid = {04E33A8D-65F7-4A21-9864-F70B808A9D3A}
	EndGlobalSection
EndGlobal
